dependencies:
  idf:
    source:
      type: idf
    version: 6.1.0
  lvgl/lvgl:
    component_hash: d7c1ac037ae6e85d94897f807d6e7ba0946a83e720074fc95a4f6241da9f9f53
    dependencies: []
    source:
      registry_url: https://components.espressif.com/
      type: service
    version: 8.4.0
direct_dependencies:
- idf
- lvgl/lvgl
manifest_hash: 8473114012ca0bd4e523c1064f3940ce198de3f28ed78730421d80d91ca6c273
target: esp32s3
version: 2.0.0
